# THIS IS AN AUTOGENERATED FILE. DO NOT EDIT THIS FILE DIRECTLY.
# yarn lockfile v1


"@types/node@^20.11.0":
  version "20.19.37"
  resolved "http://registry.npm.qima-inc.com/@types/node/download/@types/node-20.19.37.tgz#b4fb4033408dd97becce63ec932c9ec57a9e2919"
  integrity sha1-tPtAM0CN2XvszmPskyyexXqeKRk=
  dependencies:
    undici-types "~6.21.0"

"@types/vscode@^1.85.0":
  version "1.96.0"
  resolved "http://registry.npm.qima-inc.com/@types/vscode/download/@types/vscode-1.96.0.tgz#3181004bf25d71677ae4aacdd7605a3fd7edf08e"
  integrity sha1-MYEAS/JdcWd65KrN12BaP9ft8I4=

typescript@^5.4.0:
  version "5.9.3"
  resolved "http://registry.npm.qima-inc.com/typescript/download/typescript-5.9.3.tgz#5b4f59e15310ab17a216f5d6cf53ee476ede670f"
  integrity sha1-W09Z4VMQqxeiFvXWz1PuR27eZw8=

undici-types@~6.21.0:
  version "6.21.0"
  resolved "http://registry.npm.qima-inc.com/undici-types/download/undici-types-6.21.0.tgz#691d00af3909be93a7faa13be61b3a5b50ef12cb"
  integrity sha1-aR0ArzkJvpOn+qE75hs6W1DvEss=
